// !$*UTF8*$!
{
	archiveVersion = 1;
	classes = {
	};
	objectVersion = 50;
	objects = {

/* Begin PBXBuildFile section */
		755D21E3238D7FC8001DCBB7 /* AppDelegate.swift in Sources */ = {isa = PBXBuildFile; fileRef = 755D21E2238D7FC8001DCBB7 /* AppDelegate.swift */; };
		755D21E5238D7FC8001DCBB7 /* SceneDelegate.swift in Sources */ = {isa = PBXBuildFile; fileRef = 755D21E4238D7FC8001DCBB7 /* SceneDelegate.swift */; };
		755D21E7238D7FC8001DCBB7 /* ViewController.swift in Sources */ = {isa = PBXBuildFile; fileRef = 755D21E6238D7FC8001DCBB7 /* ViewController.swift */; };
		755D21EA238D7FC8001DCBB7 /* Main.storyboard in Resources */ = {isa = PBXBuildFile; fileRef = 755D21E8238D7FC8001DCBB7 /* Main.storyboard */; };
		755D21EC238D7FCB001DCBB7 /* Assets.xcassets in Resources */ = {isa = PBXBuildFile; fileRef = 755D21EB238D7FCB001DCBB7 /* Assets.xcassets */; };
		755D21EF238D7FCB001DCBB7 /* LaunchScreen.storyboard in Resources */ = {isa = PBXBuildFile; fileRef = 755D21ED238D7FCB001DCBB7 /* LaunchScreen.storyboard */; };
/* End PBXBuildFile section */

/* Begin PBXFileReference section */
		755D21DF238D7FC8001DCBB7 /* EnglishOrFrench.app */ = {isa = PBXFileReference; explicitFileType = wrapper.application; includeInIndex = 0; path = EnglishOrFrench.app; sourceTree = BUILT_PRODUCTS_DIR; };
		755D21E2238D7FC8001DCBB7 /* AppDelegate.swift */ = {isa = PBXFileReference; lastKnownFileType = sourcecode.swift; path = AppDelegate.swift; sourceTree = "<group>"; };
		755D21E4238D7FC8001DCBB7 /* SceneDelegate.swift */ = {isa = PBXFileReference; lastKnownFileType = sourcecode.swift; path = SceneDelegate.swift; sourceTree = "<group>"; };
		755D21E6238D7FC8001DCBB7 /* ViewController.swift */ = {isa = PBXFileReference; lastKnownFileType = sourcecode.swift; path = ViewController.swift; sourceTree = "<group>"; };
		755D21E9238D7FC8001DCBB7 /* Base */ = {isa = PBXFileReference; lastKnownFileType = file.storyboard; name = Base; path = Base.lproj/Main.storyboard; sourceTree = "<group>"; };
		755D21EB238D7FCB001DCBB7 /* Assets.xcassets */ = {isa = PBXFileReference; lastKnownFileType = folder.assetcatalog; path = Assets.xcassets; sourceTree = "<group>"; };
		755D21EE238D7FCB001DCBB7 /* Base */ = {isa = PBXFileReference; lastKnownFileType = file.storyboard; name = Base; path = Base.lproj/LaunchScreen.storyboard; sourceTree = "<group>"; };
		755D21F0238D7FCB001DCBB7 /* Info.plist */ = {isa = PBXFileReference; lastKnownFileType = text.plist.xml; path = Info.plist; sourceTree = "<group>"; };
/* End PBXFileReference section */

/* Begin PBXFrameworksBuildPhase section */
		755D21DC238D7FC8001DCBB7 /* Frameworks */ = {
			isa = PBXFrameworksBuildPhase;
			buildActionMask = 2147483647;
			files = (
			);
			runOnlyForDeploymentPostprocessing = 0;
		};
/* End PBXFrameworksBuildPhase section */

/* Begin PBXGroup section */
		755D21D6238D7FC8001DCBB7 = {
			isa = PBXGroup;
			children = (
				755D21E1238D7FC8001DCBB7 /* EnglishOrFrench */,
				755D21E0238D7FC8001DCBB7 /* Products */,
			);
			sourceTree = "<group>";
		};
		755D21E0238D7FC8001DCBB7 /* Products */ = {
			isa = PBXGroup;
			children = (
				755D21DF238D7FC8001DCBB7 /* EnglishOrFrench.app */,
			);
			name = Products;
			sourceTree = "<group>";
		};
		755D21E1238D7FC8001DCBB7 /* EnglishOrFrench */ = {
			isa = PBXGroup;
			children = (
				755D21E2238D7FC8001DCBB7 /* AppDelegate.swift */,
				755D21E4238D7FC8001DCBB7 /* SceneDelegate.swift */,
				755D21E6238D7FC8001DCBB7 /* ViewController.swift */,
				755D21E8238D7FC8001DCBB7 /* Main.storyboard */,
				755D21EB238D7FCB001DCBB7 /* Assets.xcassets */,
				755D21ED238D7FCB001DCBB7 /* LaunchScreen.storyboard */,
				755D21F0238D7FCB001DCBB7 /* Info.plist */,
			);
			path = EnglishOrFrench;
			sourceTree = "<group>";
		};
/* End PBXGroup section */

/* Begin PBXNativeTarget section */
		755D21DE238D7FC8001DCBB7 /* EnglishOrFrench */ = {
			isa = PBXNativeTarget;
			buildConfigurationList = 755D21F3238D7FCB001DCBB7 /* Build configuration list for PBXNativeTarget "EnglishOrFrench" */;
			buildPhases = (
				755D21DB238D7FC8001DCBB7 /* Sources */,
				755D21DC238D7FC8001DCBB7 /* Frameworks */,
				755D21DD238D7FC8001DCBB7 /* Resources */,
			);
			buildRules = (
			);
			dependencies = (
			);
			name = EnglishOrFrench;
			productName = EnglishOrFrench;
			productReference = 755D21DF238D7FC8001DCBB7 /* EnglishOrFrench.app */;
			productType = "com.apple.product-type.application";
		};
/* End PBXNativeTarget section */

/* Begin PBXProject section */
		755D21D7238D7FC8001DCBB7 /* Project object */ = {
			isa = PBXProject;
			attributes = {
				LastSwiftUpdateCheck = 1120;
				LastUpgradeCheck = 1120;
				ORGANIZATIONNAME = "Vallamkonda, Sunaina";
				TargetAttributes = {
					755D21DE238D7FC8001DCBB7 = {
						CreatedOnToolsVersion = 11.2.1;
					};
				};
			};
			buildConfigurationList = 755D21DA238D7FC8001DCBB7 /* Build configuration list for PBXProject "EnglishOrFrench" */;
			compatibilityVersion = "Xcode 9.3";
			developmentRegion = en;
			hasScannedForEncodings = 0;
			knownRegions = (
				en,
				Base,
			);
			mainGroup = 755D21D6238D7FC8001DCBB7;
			productRefGroup = 755D21E0238D7FC8001DCBB7 /* Products */;
			projectDirPath = "";
			projectRoot = "";
			targets = (
				755D21DE238D7FC8001DCBB7 /* EnglishOrFrench */,
			);
		};
/* End PBXProject section */

/* Begin PBXResourcesBuildPhase section */
		755D21DD238D7FC8001DCBB7 /* Resources */ = {
			isa = PBXResourcesBuildPhase;
			buildActionMask = 2147483647;
			files = (
				755D21EF238D7FCB001DCBB7 /* LaunchScreen.storyboard in Resources */,
				755D21EC238D7FCB001DCBB7 /* Assets.xcassets in Resources */,
				755D21EA238D7FC8001DCBB7 /* Main.storyboard in Resources */,
			);
			runOnlyForDeploymentPostprocessing = 0;
		};
/* End PBXResourcesBuildPhase section */

/* Begin PBXSourcesBuildPhase section */
		755D21DB238D7FC8001DCBB7 /* Sources */ = {
			isa = PBXSourcesBuildPhase;
			buildActionMask = 2147483647;
			files = (
				755D21E7238D7FC8001DCBB7 /* ViewController.swift in Sources */,
				755D21E3238D7FC8001DCBB7 /* AppDelegate.swift in Sources */,
				755D21E5238D7FC8001DCBB7 /* SceneDelegate.swift in Sources */,
			);
			runOnlyForDeploymentPostprocessing = 0;
		};
/* End PBXSourcesBuildPhase section */

/* Begin PBXVariantGroup section */
		755D21E8238D7FC8001DCBB7 /* Main.storyboard */ = {
			isa = PBXVariantGroup;
			children = (
				755D21E9238D7FC8001DCBB7 /* Base */,
			);
			name = Main.storyboard;
			sourceTree = "<group>";
		};
		755D21ED238D7FCB001DCBB7 /* LaunchScreen.storyboard */ = {
			isa = PBXVariantGroup;
			children = (
				755D21EE238D7FCB001DCBB7 /* Base */,
			);
			name = LaunchScreen.storyboard;
			sourceTree = "<group>";
		};
/* End PBXVariantGroup section */

/* Begin XCBuildConfiguration section */
		755D21F1238D7FCB001DCBB7 /* Debug */ = {
			isa = XCBuildConfiguration;
			buildSettings = {
				ALWAYS_SEARCH_USER_PATHS = NO;
				CLANG_ANALYZER_NONNULL = YES;
				CLANG_ANALYZER_NUMBER_OBJECT_CONVERSION = YES_AGGRESSIVE;
				CLANG_CXX_LANGUAGE_STANDARD = "gnu++14";
				CLANG_CXX_LIBRARY = "libc++";
				CLANG_ENABLE_MODULES = YES;
				CLANG_ENABLE_OBJC_ARC = YES;
				CLANG_ENABLE_OBJC_WEAK = YES;
				CLANG_WARN_BLOCK_CAPTURE_AUTORELEASING = YES;
				CLANG_WARN_BOOL_CONVERSION = YES;
				CLANG_WARN_COMMA = YES;
				CLANG_WARN_CONSTANT_CONVERSION = YES;
				CLANG_WARN_DEPRECATED_OBJC_IMPLEMENTATIONS = YES;
				CLANG_WARN_DIRECT_OBJC_ISA_USAGE = YES_ERROR;
				CLANG_WARN_DOCUMENTATION_COMMENTS = YES;
				CLANG_WARN_EMPTY_BODY = YES;
				CLANG_WARN_ENUM_CONVERSION = YES;
				CLANG_WARN_INFINITE_RECURSION = YES;
				CLANG_WARN_INT_CONVERSION = YES;
				CLANG_WARN_NON_LITERAL_NULL_CONVERSION = YES;
				CLANG_WARN_OBJC_IMPLICIT_RETAIN_SELF = YES;
				CLANG_WARN_OBJC_LITERAL_CONVERSION = YES;
				CLANG_WARN_OBJC_ROOT_CLASS = YES_ERROR;
				CLANG_WARN_RANGE_LOOP_ANALYSIS = YES;
				CLANG_WARN_STRICT_PROTOTYPES = YES;
				CLANG_WARN_SUSPICIOUS_MOVE = YES;
				CLANG_WARN_UNGUARDED_AVAILABILITY = YES_AGGRESSIVE;
				CLANG_WARN_UNREACHABLE_CODE = YES;
				CLANG_WARN__DUPLICATE_METHOD_MATCH = YES;
				COPY_PHASE_STRIP = NO;
				DEBUG_INFORMATION_FORMAT = dwarf;
				ENABLE_STRICT_OBJC_MSGSEND = YES;
				ENABLE_TESTABILITY = YES;
				GCC_C_LANGUAGE_STANDARD = gnu11;
				GCC_DYNAMIC_NO_PIC = NO;
				GCC_NO_COMMON_BLOCKS = YES;
				GCC_OPTIMIZATION_LEVEL = 0;
				GCC_PREPROCESSOR_DEFINITIONS = (
					"DEBUG=1",
					"$(inherited)",
				);
				GCC_WARN_64_TO_32_BIT_CONVERSION = YES;
				GCC_WARN_ABOUT_RETURN_TYPE = YES_ERROR;
				GCC_WARN_UNDECLARED_SELECTOR = YES;
				GCC_WARN_UNINITIALIZED_AUTOS = YES_AGGRESSIVE;
				GCC_WARN_UNUSED_FUNCTION = YES;
				GCC_WARN_UNUSED_VARIABLE = YES;
				IPHONEOS_DEPLOYMENT_TARGET = 13.2;
				MTL_ENABLE_DEBUG_INFO = INCLUDE_SOURCE;
				MTL_FAST_MATH = YES;
				ONLY_ACTIVE_ARCH = YES;
				SDKROOT = iphoneos;
				SWIFT_ACTIVE_COMPILATION_CONDITIONS = DEBUG;
				SWIFT_OPTIMIZATION_LEVEL = "-Onone";
			};
			name = Debug;
		};
		755D21F2238D7FCB001DCBB7 /* Release */ = {
			isa = XCBuildConfiguration;
			buildSettings = {
				ALWAYS_SEARCH_USER_PATHS = NO;
				CLANG_ANALYZER_NONNULL = YES;
				CLANG_ANALYZER_NUMBER_OBJECT_CONVERSION = YES_AGGRESSIVE;
				CLANG_CXX_LANGUAGE_STANDARD = "gnu++14";
				CLANG_CXX_LIBRARY = "libc++";
				CLANG_ENABLE_MODULES = YES;
				CLANG_ENABLE_OBJC_ARC = YES;
				CLANG_ENABLE_OBJC_WEAK = YES;
				CLANG_WARN_BLOCK_CAPTURE_AUTORELEASING = YES;
				CLANG_WARN_BOOL_CONVERSION = YES;
				CLANG_WARN_COMMA = YES;
				CLANG_WARN_CONSTANT_CONVERSION = YES;
				CLANG_WARN_DEPRECATED_OBJC_IMPLEMENTATIONS = YES;
				CLANG_WARN_DIRECT_OBJC_ISA_USAGE = YES_ERROR;
				CLANG_WARN_DOCUMENTATION_COMMENTS = YES;
				CLANG_WARN_EMPTY_BODY = YES;
				CLANG_WARN_ENUM_CONVERSION = YES;
				CLANG_WARN_INFINITE_RECURSION = YES;
				CLANG_WARN_INT_CONVERSION = YES;
				CLANG_WARN_NON_LITERAL_NULL_CONVERSION = YES;
				CLANG_WARN_OBJC_IMPLICIT_RETAIN_SELF = YES;
				CLANG_WARN_OBJC_LITERAL_CONVERSION = YES;
				CLANG_WARN_OBJC_ROOT_CLASS = YES_ERROR;
				CLANG_WARN_RANGE_LOOP_ANALYSIS = YES;
				CLANG_WARN_STRICT_PROTOTYPES = YES;
				CLANG_WARN_SUSPICIOUS_MOVE = YES;
				CLANG_WARN_UNGUARDED_AVAILABILITY = YES_AGGRESSIVE;
				CLANG_WARN_UNREACHABLE_CODE = YES;
				CLANG_WARN__DUPLICATE_METHOD_MATCH = YES;
				COPY_PHASE_STRIP = NO;
				DEBUG_INFORMATION_FORMAT = "dwarf-with-dsym";
				ENABLE_NS_ASSERTIONS = NO;
				ENABLE_STRICT_OBJC_MSGSEND = YES;
				GCC_C_LANGUAGE_STANDARD = gnu11;
				GCC_NO_COMMON_BLOCKS = YES;
				GCC_WARN_64_TO_32_BIT_CONVERSION = YES;
				GCC_WARN_ABOUT_RETURN_TYPE = YES_ERROR;
				GCC_WARN_UNDECLARED_SELECTOR = YES;
				GCC_WARN_UNINITIALIZED_AUTOS = YES_AGGRESSIVE;
				GCC_WARN_UNUSED_FUNCTION = YES;
				GCC_WARN_UNUSED_VARIABLE = YES;
				IPHONEOS_DEPLOYMENT_TARGET = 13.2;
				MTL_ENABLE_DEBUG_INFO = NO;
				MTL_FAST_MATH = YES;
				SDKROOT = iphoneos;
				SWIFT_COMPILATION_MODE = wholemodule;
				SWIFT_OPTIMIZATION_LEVEL = "-O";
				VALIDATE_PRODUCT = YES;
			};
			name = Release;
		};
		755D21F4238D7FCB001DCBB7 /* Debug */ = {
			isa = XCBuildConfiguration;
			buildSettings = {
				ASSETCATALOG_COMPILER_APPICON_NAME = AppIcon;
				CODE_SIGN_STYLE = Automatic;
				DEVELOPMENT_TEAM = LALFAX3Y3J;
				INFOPLIST_FILE = EnglishOrFrench/Info.plist;
				LD_RUNPATH_SEARCH_PATHS = (
					"$(inherited)",
					"@executable_path/Frameworks",
				);
				PRODUCT_BUNDLE_IDENTIFIER = ca.vallamkonda.sunaina.EnglishOrFrench;
				PRODUCT_NAME = "$(TARGET_NAME)";
				SWIFT_VERSION = 5.0;
				TARGETED_DEVICE_FAMILY = "1,2";
			};
			name = Debug;
		};
		755D21F5238D7FCB001DCBB7 /* Release */ = {
			isa = XCBuildConfiguration;
			buildSettings = {
				ASSETCATALOG_COMPILER_APPICON_NAME = AppIcon;
				CODE_SIGN_STYLE = Automatic;
				DEVELOPMENT_TEAM = LALFAX3Y3J;
				INFOPLIST_FILE = EnglishOrFrench/Info.plist;
				LD_RUNPATH_SEARCH_PATHS = (
					"$(inherited)",
					"@executable_path/Frameworks",
				);
				PRODUCT_BUNDLE_IDENTIFIER = ca.vallamkonda.sunaina.EnglishOrFrench;
				PRODUCT_NAME = "$(TARGET_NAME)";
				SWIFT_VERSION = 5.0;
				TARGETED_DEVICE_FAMILY = "1,2";
			};
			name = Release;
		};
/* End XCBuildConfiguration section */

/* Begin XCConfigurationList section */
		755D21DA238D7FC8001DCBB7 /* Build configuration list for PBXProject "EnglishOrFrench" */ = {
			isa = XCConfigurationList;
			buildConfigurations = (
				755D21F1238D7FCB001DCBB7 /* Debug */,
				755D21F2238D7FCB001DCBB7 /* Release */,
			);
			defaultConfigurationIsVisible = 0;
			defaultConfigurationName = Release;
		};
		755D21F3238D7FCB001DCBB7 /* Build configuration list for PBXNativeTarget "EnglishOrFrench" */ = {
			isa = XCConfigurationList;
			buildConfigurations = (
				755D21F4238D7FCB001DCBB7 /* Debug */,
				755D21F5238D7FCB001DCBB7 /* Release */,
			);
			defaultConfigurationIsVisible = 0;
			defaultConfigurationName = Release;
		};
/* End XCConfigurationList section */
	};
	rootObject = 755D21D7238D7FC8001DCBB7 /* Project object */;
}
